// !$*UTF8*$!
{
	archiveVersion = 1;
	classes = {
	};
	objectVersion = 46;
	objects = {

/* Begin PBXBuildFile section */
		4A723A102A74CD28000EB0A4 /* pnglite.c in Sources */ = {isa = PBXBuildFile; fileRef = 4A723A0E2A74CD28000EB0A4 /* pnglite.c */; };
		4A723A112A74CD28000EB0A4 /* pngload.c in Sources */ = {isa = PBXBuildFile; fileRef = 4A723A0F2A74CD28000EB0A4 /* pngload.c */; };
		4A8506132593BEC2000479C6 /* game_objects.c in Sources */ = {isa = PBXBuildFile; fileRef = 4A8506122593BEC2000479C6 /* game_objects.c */; };
		4A916BC11F783E180080F27F /* neighborhood.c in Sources */ = {isa = PBXBuildFile; fileRef = 4A916BC01F783E180080F27F /* neighborhood.c */; };
		4AC319EC29BAA4DA0061D099 /* ASMacView.m in Sources */ = {isa = PBXBuildFile; fileRef = 4AC319E229BAA4D90061D099 /* ASMacView.m */; };
		4AC319ED29BAA4DA0061D099 /* ASShared.m in Sources */ = {isa = PBXBuildFile; fileRef = 4AC319E329BAA4D90061D099 /* ASShared.m */; };
		4AC319EE29BAA4DA0061D099 /* main.m in Sources */ = {isa = PBXBuildFile; fileRef = 4AC319E429BAA4D90061D099 /* main.m */; };
		4AC319EF29BAA4DA0061D099 /* urban.xib in Resources */ = {isa = PBXBuildFile; fileRef = 4AC319E729BAA4D90061D099 /* urban.xib */; };
		4AC319F129BAA4DA0061D099 /* AppDelegate.m in Sources */ = {isa = PBXBuildFile; fileRef = 4AC319EA29BAA4DA0061D099 /* AppDelegate.m */; };
		4AC319F929BAA4F60061D099 /* io.c in Sources */ = {isa = PBXBuildFile; fileRef = 4AC319F229BAA4F60061D099 /* io.c */; };
		4AC319FA29BAA4F60061D099 /* math.c in Sources */ = {isa = PBXBuildFile; fileRef = 4AC319F329BAA4F60061D099 /* math.c */; };
		4AC319FB29BAA4F60061D099 /* file.c in Sources */ = {isa = PBXBuildFile; fileRef = 4AC319F429BAA4F60061D099 /* file.c */; };
		4AC319FC29BAA4F60061D099 /* memory.c in Sources */ = {isa = PBXBuildFile; fileRef = 4AC319F629BAA4F60061D099 /* memory.c */; };
		4AC319FD29BAA4F60061D099 /* object.c in Sources */ = {isa = PBXBuildFile; fileRef = 4AC319F729BAA4F60061D099 /* object.c */; };
		4AC319FE29BAA4F60061D099 /* vect.c in Sources */ = {isa = PBXBuildFile; fileRef = 4AC319F829BAA4F60061D099 /* vect.c */; };
		4AC31A0329BAA50E0061D099 /* glrender.c in Sources */ = {isa = PBXBuildFile; fileRef = 4AC319FF29BAA50E0061D099 /* glrender.c */; };
		4AC31A0429BAA50E0061D099 /* graph.c in Sources */ = {isa = PBXBuildFile; fileRef = 4AC31A0129BAA50E0061D099 /* graph.c */; };
		4AFB715E2A74C67A0007863A /* draw.c in Sources */ = {isa = PBXBuildFile; fileRef = 4AFB715C2A74C67A0007863A /* draw.c */; };
		4AFB715F2A74C67A0007863A /* shared.c in Sources */ = {isa = PBXBuildFile; fileRef = 4AFB715D2A74C67A0007863A /* shared.c */; };
		5A0D60E719567F8E00090DAE /* house.c in Sources */ = {isa = PBXBuildFile; fileRef = 5A0D60E119567F8E00090DAE /* house.c */; };
		5A37A3BA1955F32800D187B0 /* Cocoa.framework in Frameworks */ = {isa = PBXBuildFile; fileRef = 5A37A3B91955F32800D187B0 /* Cocoa.framework */; };
		5A37A3C41955F32800D187B0 /* InfoPlist.strings in Resources */ = {isa = PBXBuildFile; fileRef = 5A37A3C21955F32800D187B0 /* InfoPlist.strings */; };
		5A37A3CA1955F32800D187B0 /* Credits.rtf in Resources */ = {isa = PBXBuildFile; fileRef = 5A37A3C81955F32800D187B0 /* Credits.rtf */; };
		5A37A3D91955F32900D187B0 /* XCTest.framework in Frameworks */ = {isa = PBXBuildFile; fileRef = 5A37A3D81955F32900D187B0 /* XCTest.framework */; };
		5A37A3DA1955F32900D187B0 /* Cocoa.framework in Frameworks */ = {isa = PBXBuildFile; fileRef = 5A37A3B91955F32800D187B0 /* Cocoa.framework */; };
		5A37A3E21955F32900D187B0 /* InfoPlist.strings in Resources */ = {isa = PBXBuildFile; fileRef = 5A37A3E01955F32900D187B0 /* InfoPlist.strings */; };
		5A37A3E41955F32900D187B0 /* Mushroom_BoyTests.m in Sources */ = {isa = PBXBuildFile; fileRef = 5A37A3E31955F32900D187B0 /* Mushroom_BoyTests.m */; };
/* End PBXBuildFile section */

/* Begin PBXContainerItemProxy section */
		5A37A3DB1955F32900D187B0 /* PBXContainerItemProxy */ = {
			isa = PBXContainerItemProxy;
			containerPortal = 5A37A3AE1955F32800D187B0 /* Project object */;
			proxyType = 1;
			remoteGlobalIDString = 5A37A3B51955F32800D187B0;
			remoteInfo = "Mushroom Boy";
		};
/* End PBXContainerItemProxy section */

/* Begin PBXFileReference section */
		4A723A0D2A74CD28000EB0A4 /* pnglite.h */ = {isa = PBXFileReference; fileEncoding = 4; lastKnownFileType = sourcecode.c.h; name = pnglite.h; path = ../../../apesdk/external/png/pnglite.h; sourceTree = "<group>"; };
		4A723A0E2A74CD28000EB0A4 /* pnglite.c */ = {isa = PBXFileReference; fileEncoding = 4; lastKnownFileType = sourcecode.c.c; name = pnglite.c; path = ../../../apesdk/external/png/pnglite.c; sourceTree = "<group>"; };
		4A723A0F2A74CD28000EB0A4 /* pngload.c */ = {isa = PBXFileReference; fileEncoding = 4; lastKnownFileType = sourcecode.c.c; name = pngload.c; path = ../../../apesdk/external/png/pngload.c; sourceTree = "<group>"; };
		4A8506122593BEC2000479C6 /* game_objects.c */ = {isa = PBXFileReference; fileEncoding = 4; lastKnownFileType = sourcecode.c.c; path = game_objects.c; sourceTree = "<group>"; };
		4A916BC01F783E180080F27F /* neighborhood.c */ = {isa = PBXFileReference; fileEncoding = 4; lastKnownFileType = sourcecode.c.c; path = neighborhood.c; sourceTree = "<group>"; };
		4AC319E229BAA4D90061D099 /* ASMacView.m */ = {isa = PBXFileReference; fileEncoding = 4; lastKnownFileType = sourcecode.c.objc; name = ASMacView.m; path = ../../../apesdk/mac/ASMacView.m; sourceTree = "<group>"; };
		4AC319E329BAA4D90061D099 /* ASShared.m */ = {isa = PBXFileReference; fileEncoding = 4; lastKnownFileType = sourcecode.c.objc; name = ASShared.m; path = ../../../apesdk/mac/ASShared.m; sourceTree = "<group>"; };
		4AC319E429BAA4D90061D099 /* main.m */ = {isa = PBXFileReference; fileEncoding = 4; lastKnownFileType = sourcecode.c.objc; name = main.m; path = ../../../apesdk/mac/main.m; sourceTree = "<group>"; };
		4AC319E529BAA4D90061D099 /* ASMacView.h */ = {isa = PBXFileReference; fileEncoding = 4; lastKnownFileType = sourcecode.c.h; name = ASMacView.h; path = ../../../apesdk/mac/ASMacView.h; sourceTree = "<group>"; };
		4AC319E629BAA4D90061D099 /* AppDelegate.h */ = {isa = PBXFileReference; fileEncoding = 4; lastKnownFileType = sourcecode.c.h; name = AppDelegate.h; path = ../../../apesdk/mac/AppDelegate.h; sourceTree = "<group>"; };
		4AC319E729BAA4D90061D099 /* urban.xib */ = {isa = PBXFileReference; fileEncoding = 4; lastKnownFileType = file.xib; name = urban.xib; path = ../../../apesdk/mac/urban.xib; sourceTree = "<group>"; };
		4AC319E829BAA4DA0061D099 /* ASShared.h */ = {isa = PBXFileReference; fileEncoding = 4; lastKnownFileType = sourcecode.c.h; name = ASShared.h; path = ../../../apesdk/mac/ASShared.h; sourceTree = "<group>"; };
		4AC319EA29BAA4DA0061D099 /* AppDelegate.m */ = {isa = PBXFileReference; fileEncoding = 4; lastKnownFileType = sourcecode.c.objc; name = AppDelegate.m; path = ../../../apesdk/mac/AppDelegate.m; sourceTree = "<group>"; };
		4AC319F229BAA4F60061D099 /* io.c */ = {isa = PBXFileReference; fileEncoding = 4; lastKnownFileType = sourcecode.c.c; name = io.c; path = ../../../apesdk/toolkit/io.c; sourceTree = "<group>"; };
		4AC319F329BAA4F60061D099 /* math.c */ = {isa = PBXFileReference; fileEncoding = 4; lastKnownFileType = sourcecode.c.c; name = math.c; path = ../../../apesdk/toolkit/math.c; sourceTree = "<group>"; };
		4AC319F429BAA4F60061D099 /* file.c */ = {isa = PBXFileReference; fileEncoding = 4; lastKnownFileType = sourcecode.c.c; name = file.c; path = ../../../apesdk/toolkit/file.c; sourceTree = "<group>"; };
		4AC319F529BAA4F60061D099 /* toolkit.h */ = {isa = PBXFileReference; fileEncoding = 4; lastKnownFileType = sourcecode.c.h; name = toolkit.h; path = ../../../apesdk/toolkit/toolkit.h; sourceTree = "<group>"; };
		4AC319F629BAA4F60061D099 /* memory.c */ = {isa = PBXFileReference; fileEncoding = 4; lastKnownFileType = sourcecode.c.c; name = memory.c; path = ../../../apesdk/toolkit/memory.c; sourceTree = "<group>"; };
		4AC319F729BAA4F60061D099 /* object.c */ = {isa = PBXFileReference; fileEncoding = 4; lastKnownFileType = sourcecode.c.c; name = object.c; path = ../../../apesdk/toolkit/object.c; sourceTree = "<group>"; };
		4AC319F829BAA4F60061D099 /* vect.c */ = {isa = PBXFileReference; fileEncoding = 4; lastKnownFileType = sourcecode.c.c; name = vect.c; path = ../../../apesdk/toolkit/vect.c; sourceTree = "<group>"; };
		4AC319FF29BAA50E0061D099 /* glrender.c */ = {isa = PBXFileReference; fileEncoding = 4; lastKnownFileType = sourcecode.c.c; name = glrender.c; path = ../../../apesdk/render/glrender.c; sourceTree = "<group>"; };
		4AC31A0029BAA50E0061D099 /* graph.h */ = {isa = PBXFileReference; fileEncoding = 4; lastKnownFileType = sourcecode.c.h; name = graph.h; path = ../../../apesdk/render/graph.h; sourceTree = "<group>"; };
		4AC31A0129BAA50E0061D099 /* graph.c */ = {isa = PBXFileReference; fileEncoding = 4; lastKnownFileType = sourcecode.c.c; name = graph.c; path = ../../../apesdk/render/graph.c; sourceTree = "<group>"; };
		4AC31A0229BAA50E0061D099 /* glrender.h */ = {isa = PBXFileReference; fileEncoding = 4; lastKnownFileType = sourcecode.c.h; name = glrender.h; path = ../../../apesdk/render/glrender.h; sourceTree = "<group>"; };
		4AFB715C2A74C67A0007863A /* draw.c */ = {isa = PBXFileReference; fileEncoding = 4; lastKnownFileType = sourcecode.c.c; path = draw.c; sourceTree = "<group>"; };
		4AFB715D2A74C67A0007863A /* shared.c */ = {isa = PBXFileReference; fileEncoding = 4; lastKnownFileType = sourcecode.c.c; path = shared.c; sourceTree = "<group>"; };
		5A0D60E119567F8E00090DAE /* house.c */ = {isa = PBXFileReference; fileEncoding = 4; lastKnownFileType = sourcecode.c.c; path = house.c; sourceTree = "<group>"; };
		5A0D60E219567F8E00090DAE /* mushroom.h */ = {isa = PBXFileReference; fileEncoding = 4; lastKnownFileType = sourcecode.c.h; path = mushroom.h; sourceTree = "<group>"; };
		5A37A3B61955F32800D187B0 /* Mushroom Boy.app */ = {isa = PBXFileReference; explicitFileType = wrapper.application; includeInIndex = 0; path = "Mushroom Boy.app"; sourceTree = BUILT_PRODUCTS_DIR; };
		5A37A3B91955F32800D187B0 /* Cocoa.framework */ = {isa = PBXFileReference; lastKnownFileType = wrapper.framework; name = Cocoa.framework; path = System/Library/Frameworks/Cocoa.framework; sourceTree = SDKROOT; };
		5A37A3BC1955F32800D187B0 /* AppKit.framework */ = {isa = PBXFileReference; lastKnownFileType = wrapper.framework; name = AppKit.framework; path = System/Library/Frameworks/AppKit.framework; sourceTree = SDKROOT; };
		5A37A3BD1955F32800D187B0 /* CoreData.framework */ = {isa = PBXFileReference; lastKnownFileType = wrapper.framework; name = CoreData.framework; path = System/Library/Frameworks/CoreData.framework; sourceTree = SDKROOT; };
		5A37A3BE1955F32800D187B0 /* Foundation.framework */ = {isa = PBXFileReference; lastKnownFileType = wrapper.framework; name = Foundation.framework; path = System/Library/Frameworks/Foundation.framework; sourceTree = SDKROOT; };
		5A37A3C11955F32800D187B0 /* Mushroom Boy-Info.plist */ = {isa = PBXFileReference; lastKnownFileType = text.plist.xml; path = "Mushroom Boy-Info.plist"; sourceTree = "<group>"; };
		5A37A3C31955F32800D187B0 /* en */ = {isa = PBXFileReference; lastKnownFileType = text.plist.strings; name = en; path = en.lproj/InfoPlist.strings; sourceTree = "<group>"; };
		5A37A3C71955F32800D187B0 /* Mushroom Boy-Prefix.pch */ = {isa = PBXFileReference; lastKnownFileType = sourcecode.c.h; path = "Mushroom Boy-Prefix.pch"; sourceTree = "<group>"; };
		5A37A3C91955F32800D187B0 /* en */ = {isa = PBXFileReference; lastKnownFileType = text.rtf; name = en; path = en.lproj/Credits.rtf; sourceTree = "<group>"; };
		5A37A3D71955F32900D187B0 /* Mushroom BoyTests.xctest */ = {isa = PBXFileReference; explicitFileType = wrapper.cfbundle; includeInIndex = 0; path = "Mushroom BoyTests.xctest"; sourceTree = BUILT_PRODUCTS_DIR; };
		5A37A3D81955F32900D187B0 /* XCTest.framework */ = {isa = PBXFileReference; lastKnownFileType = wrapper.framework; name = XCTest.framework; path = Library/Frameworks/XCTest.framework; sourceTree = DEVELOPER_DIR; };
		5A37A3DF1955F32900D187B0 /* Mushroom BoyTests-Info.plist */ = {isa = PBXFileReference; lastKnownFileType = text.plist.xml; path = "Mushroom BoyTests-Info.plist"; sourceTree = "<group>"; };
		5A37A3E11955F32900D187B0 /* en */ = {isa = PBXFileReference; lastKnownFileType = text.plist.strings; name = en; path = en.lproj/InfoPlist.strings; sourceTree = "<group>"; };
		5A37A3E31955F32900D187B0 /* Mushroom_BoyTests.m */ = {isa = PBXFileReference; lastKnownFileType = sourcecode.c.objc; path = Mushroom_BoyTests.m; sourceTree = "<group>"; };
/* End PBXFileReference section */

/* Begin PBXFrameworksBuildPhase section */
		5A37A3B31955F32800D187B0 /* Frameworks */ = {
			isa = PBXFrameworksBuildPhase;
			buildActionMask = 2147483647;
			files = (
				5A37A3BA1955F32800D187B0 /* Cocoa.framework in Frameworks */,
			);
			runOnlyForDeploymentPostprocessing = 0;
		};
		5A37A3D41955F32900D187B0 /* Frameworks */ = {
			isa = PBXFrameworksBuildPhase;
			buildActionMask = 2147483647;
			files = (
				5A37A3DA1955F32900D187B0 /* Cocoa.framework in Frameworks */,
				5A37A3D91955F32900D187B0 /* XCTest.framework in Frameworks */,
			);
			runOnlyForDeploymentPostprocessing = 0;
		};
/* End PBXFrameworksBuildPhase section */

/* Begin PBXGroup section */
		4A723A0C2A74CD0A000EB0A4 /* png */ = {
			isa = PBXGroup;
			children = (
				4A723A0E2A74CD28000EB0A4 /* pnglite.c */,
				4A723A0D2A74CD28000EB0A4 /* pnglite.h */,
				4A723A0F2A74CD28000EB0A4 /* pngload.c */,
			);
			name = png;
			sourceTree = "<group>";
		};
		4A8F1677254151D60013832D /* render */ = {
			isa = PBXGroup;
			children = (
				4AC319FF29BAA50E0061D099 /* glrender.c */,
				4AC31A0229BAA50E0061D099 /* glrender.h */,
				4AC31A0129BAA50E0061D099 /* graph.c */,
				4AC31A0029BAA50E0061D099 /* graph.h */,
			);
			name = render;
			sourceTree = "<group>";
		};
		4A9FDB7B241D7542002200C1 /* toolkit */ = {
			isa = PBXGroup;
			children = (
				4AC319F429BAA4F60061D099 /* file.c */,
				4AC319F229BAA4F60061D099 /* io.c */,
				4AC319F329BAA4F60061D099 /* math.c */,
				4AC319F629BAA4F60061D099 /* memory.c */,
				4AC319F729BAA4F60061D099 /* object.c */,
				4AC319F529BAA4F60061D099 /* toolkit.h */,
				4AC319F829BAA4F60061D099 /* vect.c */,
			);
			name = toolkit;
			sourceTree = "<group>";
		};
		4AB8DEDA240B3E3200A7AD03 /* mac */ = {
			isa = PBXGroup;
			children = (
				4AC319E629BAA4D90061D099 /* AppDelegate.h */,
				4AC319EA29BAA4DA0061D099 /* AppDelegate.m */,
				4AC319E529BAA4D90061D099 /* ASMacView.h */,
				4AC319E229BAA4D90061D099 /* ASMacView.m */,
				4AC319E829BAA4DA0061D099 /* ASShared.h */,
				4AC319E329BAA4D90061D099 /* ASShared.m */,
				4AC319E429BAA4D90061D099 /* main.m */,
				4AC319E729BAA4D90061D099 /* urban.xib */,
			);
			name = mac;
			sourceTree = "<group>";
		};
		5A0D60DE19567F8E00090DAE /* game */ = {
			isa = PBXGroup;
			children = (
				4A916BC01F783E180080F27F /* neighborhood.c */,
				5A0D60E119567F8E00090DAE /* house.c */,
				4A8506122593BEC2000479C6 /* game_objects.c */,
				5A0D60E219567F8E00090DAE /* mushroom.h */,
			);
			name = game;
			path = ../../game;
			sourceTree = "<group>";
		};
		5A0D60E319567F8E00090DAE /* gui */ = {
			isa = PBXGroup;
			children = (
				4AFB715C2A74C67A0007863A /* draw.c */,
				4AFB715D2A74C67A0007863A /* shared.c */,
			);
			name = gui;
			path = ../../gui;
			sourceTree = "<group>";
		};
		5A37A3AD1955F32800D187B0 = {
			isa = PBXGroup;
			children = (
				5A37A3BF1955F32800D187B0 /* Mushroom Boy */,
				5A37A3DD1955F32900D187B0 /* Mushroom BoyTests */,
				5A37A3B81955F32800D187B0 /* Frameworks */,
				5A37A3B71955F32800D187B0 /* Products */,
			);
			sourceTree = "<group>";
		};
		5A37A3B71955F32800D187B0 /* Products */ = {
			isa = PBXGroup;
			children = (
				5A37A3B61955F32800D187B0 /* Mushroom Boy.app */,
				5A37A3D71955F32900D187B0 /* Mushroom BoyTests.xctest */,
			);
			name = Products;
			sourceTree = "<group>";
		};
		5A37A3B81955F32800D187B0 /* Frameworks */ = {
			isa = PBXGroup;
			children = (
				5A37A3B91955F32800D187B0 /* Cocoa.framework */,
				5A37A3D81955F32900D187B0 /* XCTest.framework */,
				5A37A3BB1955F32800D187B0 /* Other Frameworks */,
			);
			name = Frameworks;
			sourceTree = "<group>";
		};
		5A37A3BB1955F32800D187B0 /* Other Frameworks */ = {
			isa = PBXGroup;
			children = (
				5A37A3BC1955F32800D187B0 /* AppKit.framework */,
				5A37A3BD1955F32800D187B0 /* CoreData.framework */,
				5A37A3BE1955F32800D187B0 /* Foundation.framework */,
			);
			name = "Other Frameworks";
			sourceTree = "<group>";
		};
		5A37A3BF1955F32800D187B0 /* Mushroom Boy */ = {
			isa = PBXGroup;
			children = (
				4A723A0C2A74CD0A000EB0A4 /* png */,
				4A8F1677254151D60013832D /* render */,
				4A9FDB7B241D7542002200C1 /* toolkit */,
				4AB8DEDA240B3E3200A7AD03 /* mac */,
				5A0D60DE19567F8E00090DAE /* game */,
				5A0D60E319567F8E00090DAE /* gui */,
				5A37A3C01955F32800D187B0 /* Supporting Files */,
			);
			path = "Mushroom Boy";
			sourceTree = "<group>";
		};
		5A37A3C01955F32800D187B0 /* Supporting Files */ = {
			isa = PBXGroup;
			children = (
				5A37A3C11955F32800D187B0 /* Mushroom Boy-Info.plist */,
				5A37A3C21955F32800D187B0 /* InfoPlist.strings */,
				5A37A3C71955F32800D187B0 /* Mushroom Boy-Prefix.pch */,
				5A37A3C81955F32800D187B0 /* Credits.rtf */,
			);
			name = "Supporting Files";
			sourceTree = "<group>";
		};
		5A37A3DD1955F32900D187B0 /* Mushroom BoyTests */ = {
			isa = PBXGroup;
			children = (
				5A37A3E31955F32900D187B0 /* Mushroom_BoyTests.m */,
				5A37A3DE1955F32900D187B0 /* Supporting Files */,
			);
			path = "Mushroom BoyTests";
			sourceTree = "<group>";
		};
		5A37A3DE1955F32900D187B0 /* Supporting Files */ = {
			isa = PBXGroup;
			children = (
				5A37A3DF1955F32900D187B0 /* Mushroom BoyTests-Info.plist */,
				5A37A3E01955F32900D187B0 /* InfoPlist.strings */,
			);
			name = "Supporting Files";
			sourceTree = "<group>";
		};
/* End PBXGroup section */

/* Begin PBXNativeTarget section */
		5A37A3B51955F32800D187B0 /* Mushroom Boy */ = {
			isa = PBXNativeTarget;
			buildConfigurationList = 5A37A3E71955F32900D187B0 /* Build configuration list for PBXNativeTarget "Mushroom Boy" */;
			buildPhases = (
				5A37A3B21955F32800D187B0 /* Sources */,
				5A37A3B31955F32800D187B0 /* Frameworks */,
				5A37A3B41955F32800D187B0 /* Resources */,
			);
			buildRules = (
			);
			dependencies = (
			);
			name = "Mushroom Boy";
			productName = "Mushroom Boy";
			productReference = 5A37A3B61955F32800D187B0 /* Mushroom Boy.app */;
			productType = "com.apple.product-type.application";
		};
		5A37A3D61955F32900D187B0 /* Mushroom BoyTests */ = {
			isa = PBXNativeTarget;
			buildConfigurationList = 5A37A3EA1955F32900D187B0 /* Build configuration list for PBXNativeTarget "Mushroom BoyTests" */;
			buildPhases = (
				5A37A3D31955F32900D187B0 /* Sources */,
				5A37A3D41955F32900D187B0 /* Frameworks */,
				5A37A3D51955F32900D187B0 /* Resources */,
			);
			buildRules = (
			);
			dependencies = (
				5A37A3DC1955F32900D187B0 /* PBXTargetDependency */,
			);
			name = "Mushroom BoyTests";
			productName = "Mushroom BoyTests";
			productReference = 5A37A3D71955F32900D187B0 /* Mushroom BoyTests.xctest */;
			productType = "com.apple.product-type.bundle.unit-test";
		};
/* End PBXNativeTarget section */

/* Begin PBXProject section */
		5A37A3AE1955F32800D187B0 /* Project object */ = {
			isa = PBXProject;
			attributes = {
				LastUpgradeCheck = 0940;
				ORGANIZATIONNAME = "Tom Barbalet";
				TargetAttributes = {
					5A37A3B51955F32800D187B0 = {
						LastSwiftMigration = 1020;
					};
					5A37A3D61955F32900D187B0 = {
						TestTargetID = 5A37A3B51955F32800D187B0;
					};
				};
			};
			buildConfigurationList = 5A37A3B11955F32800D187B0 /* Build configuration list for PBXProject "Mushroom Boy" */;
			compatibilityVersion = "Xcode 3.2";
			developmentRegion = English;
			hasScannedForEncodings = 0;
			knownRegions = (
				English,
				en,
				Base,
			);
			mainGroup = 5A37A3AD1955F32800D187B0;
			productRefGroup = 5A37A3B71955F32800D187B0 /* Products */;
			projectDirPath = "";
			projectRoot = "";
			targets = (
				5A37A3B51955F32800D187B0 /* Mushroom Boy */,
				5A37A3D61955F32900D187B0 /* Mushroom BoyTests */,
			);
		};
/* End PBXProject section */

/* Begin PBXResourcesBuildPhase section */
		5A37A3B41955F32800D187B0 /* Resources */ = {
			isa = PBXResourcesBuildPhase;
			buildActionMask = 2147483647;
			files = (
				5A37A3C41955F32800D187B0 /* InfoPlist.strings in Resources */,
				4AC319EF29BAA4DA0061D099 /* urban.xib in Resources */,
				5A37A3CA1955F32800D187B0 /* Credits.rtf in Resources */,
			);
			runOnlyForDeploymentPostprocessing = 0;
		};
		5A37A3D51955F32900D187B0 /* Resources */ = {
			isa = PBXResourcesBuildPhase;
			buildActionMask = 2147483647;
			files = (
				5A37A3E21955F32900D187B0 /* InfoPlist.strings in Resources */,
			);
			runOnlyForDeploymentPostprocessing = 0;
		};
/* End PBXResourcesBuildPhase section */

/* Begin PBXSourcesBuildPhase section */
		5A37A3B21955F32800D187B0 /* Sources */ = {
			isa = PBXSourcesBuildPhase;
			buildActionMask = 2147483647;
			files = (
				5A0D60E719567F8E00090DAE /* house.c in Sources */,
				4AFB715E2A74C67A0007863A /* draw.c in Sources */,
				4A723A102A74CD28000EB0A4 /* pnglite.c in Sources */,
				4AC31A0329BAA50E0061D099 /* glrender.c in Sources */,
				4AC319FE29BAA4F60061D099 /* vect.c in Sources */,
				4AC319ED29BAA4DA0061D099 /* ASShared.m in Sources */,
				4AC319F929BAA4F60061D099 /* io.c in Sources */,
				4AC319EC29BAA4DA0061D099 /* ASMacView.m in Sources */,
				4AC31A0429BAA50E0061D099 /* graph.c in Sources */,
				4AC319FC29BAA4F60061D099 /* memory.c in Sources */,
				4AC319FA29BAA4F60061D099 /* math.c in Sources */,
				4AC319FB29BAA4F60061D099 /* file.c in Sources */,
				4A723A112A74CD28000EB0A4 /* pngload.c in Sources */,
				4A8506132593BEC2000479C6 /* game_objects.c in Sources */,
				4AC319F129BAA4DA0061D099 /* AppDelegate.m in Sources */,
				4AFB715F2A74C67A0007863A /* shared.c in Sources */,
				4AC319EE29BAA4DA0061D099 /* main.m in Sources */,
				4AC319FD29BAA4F60061D099 /* object.c in Sources */,
				4A916BC11F783E180080F27F /* neighborhood.c in Sources */,
			);
			runOnlyForDeploymentPostprocessing = 0;
		};
		5A37A3D31955F32900D187B0 /* Sources */ = {
			isa = PBXSourcesBuildPhase;
			buildActionMask = 2147483647;
			files = (
				5A37A3E41955F32900D187B0 /* Mushroom_BoyTests.m in Sources */,
			);
			runOnlyForDeploymentPostprocessing = 0;
		};
/* End PBXSourcesBuildPhase section */

/* Begin PBXTargetDependency section */
		5A37A3DC1955F32900D187B0 /* PBXTargetDependency */ = {
			isa = PBXTargetDependency;
			target = 5A37A3B51955F32800D187B0 /* Mushroom Boy */;
			targetProxy = 5A37A3DB1955F32900D187B0 /* PBXContainerItemProxy */;
		};
/* End PBXTargetDependency section */

/* Begin PBXVariantGroup section */
		5A37A3C21955F32800D187B0 /* InfoPlist.strings */ = {
			isa = PBXVariantGroup;
			children = (
				5A37A3C31955F32800D187B0 /* en */,
			);
			name = InfoPlist.strings;
			sourceTree = "<group>";
		};
		5A37A3C81955F32800D187B0 /* Credits.rtf */ = {
			isa = PBXVariantGroup;
			children = (
				5A37A3C91955F32800D187B0 /* en */,
			);
			name = Credits.rtf;
			sourceTree = "<group>";
		};
		5A37A3E01955F32900D187B0 /* InfoPlist.strings */ = {
			isa = PBXVariantGroup;
			children = (
				5A37A3E11955F32900D187B0 /* en */,
			);
			name = InfoPlist.strings;
			sourceTree = "<group>";
		};
/* End PBXVariantGroup section */

/* Begin XCBuildConfiguration section */
		5A37A3E51955F32900D187B0 /* Debug */ = {
			isa = XCBuildConfiguration;
			buildSettings = {
				ALWAYS_SEARCH_USER_PATHS = NO;
				CLANG_CXX_LANGUAGE_STANDARD = "gnu++0x";
				CLANG_CXX_LIBRARY = "libc++";
				CLANG_ENABLE_MODULES = YES;
				CLANG_ENABLE_OBJC_ARC = YES;
				CLANG_WARN_BLOCK_CAPTURE_AUTORELEASING = YES;
				CLANG_WARN_BOOL_CONVERSION = YES;
				CLANG_WARN_COMMA = YES;
				CLANG_WARN_CONSTANT_CONVERSION = YES;
				CLANG_WARN_DEPRECATED_OBJC_IMPLEMENTATIONS = YES;
				CLANG_WARN_DIRECT_OBJC_ISA_USAGE = YES_ERROR;
				CLANG_WARN_EMPTY_BODY = YES;
				CLANG_WARN_ENUM_CONVERSION = YES;
				CLANG_WARN_INFINITE_RECURSION = YES;
				CLANG_WARN_INT_CONVERSION = YES;
				CLANG_WARN_NON_LITERAL_NULL_CONVERSION = YES;
				CLANG_WARN_OBJC_IMPLICIT_RETAIN_SELF = YES;
				CLANG_WARN_OBJC_LITERAL_CONVERSION = YES;
				CLANG_WARN_OBJC_ROOT_CLASS = YES_ERROR;
				CLANG_WARN_RANGE_LOOP_ANALYSIS = YES;
				CLANG_WARN_STRICT_PROTOTYPES = YES;
				CLANG_WARN_SUSPICIOUS_MOVE = YES;
				CLANG_WARN_UNREACHABLE_CODE = YES;
				CLANG_WARN__DUPLICATE_METHOD_MATCH = YES;
				COPY_PHASE_STRIP = NO;
				ENABLE_STRICT_OBJC_MSGSEND = YES;
				ENABLE_TESTABILITY = YES;
				GCC_C_LANGUAGE_STANDARD = gnu99;
				GCC_DYNAMIC_NO_PIC = NO;
				GCC_ENABLE_OBJC_EXCEPTIONS = YES;
				GCC_NO_COMMON_BLOCKS = YES;
				GCC_OPTIMIZATION_LEVEL = 0;
				GCC_PREPROCESSOR_DEFINITIONS = (
					"DEBUG=1",
					"MUSHROOM=1",
					"$(inherited)",
				);
				GCC_SYMBOLS_PRIVATE_EXTERN = NO;
				GCC_WARN_64_TO_32_BIT_CONVERSION = YES;
				GCC_WARN_ABOUT_RETURN_TYPE = YES_ERROR;
				GCC_WARN_UNDECLARED_SELECTOR = YES;
				GCC_WARN_UNINITIALIZED_AUTOS = YES_AGGRESSIVE;
				GCC_WARN_UNUSED_FUNCTION = YES;
				GCC_WARN_UNUSED_VARIABLE = YES;
				MACOSX_DEPLOYMENT_TARGET = 10.9;
				ONLY_ACTIVE_ARCH = YES;
				SDKROOT = macosx;
			};
			name = Debug;
		};
		5A37A3E61955F32900D187B0 /* Release */ = {
			isa = XCBuildConfiguration;
			buildSettings = {
				ALWAYS_SEARCH_USER_PATHS = NO;
				CLANG_CXX_LANGUAGE_STANDARD = "gnu++0x";
				CLANG_CXX_LIBRARY = "libc++";
				CLANG_ENABLE_MODULES = YES;
				CLANG_ENABLE_OBJC_ARC = YES;
				CLANG_WARN_BLOCK_CAPTURE_AUTORELEASING = YES;
				CLANG_WARN_BOOL_CONVERSION = YES;
				CLANG_WARN_COMMA = YES;
				CLANG_WARN_CONSTANT_CONVERSION = YES;
				CLANG_WARN_DEPRECATED_OBJC_IMPLEMENTATIONS = YES;
				CLANG_WARN_DIRECT_OBJC_ISA_USAGE = YES_ERROR;
				CLANG_WARN_EMPTY_BODY = YES;
				CLANG_WARN_ENUM_CONVERSION = YES;
				CLANG_WARN_INFINITE_RECURSION = YES;
				CLANG_WARN_INT_CONVERSION = YES;
				CLANG_WARN_NON_LITERAL_NULL_CONVERSION = YES;
				CLANG_WARN_OBJC_IMPLICIT_RETAIN_SELF = YES;
				CLANG_WARN_OBJC_LITERAL_CONVERSION = YES;
				CLANG_WARN_OBJC_ROOT_CLASS = YES_ERROR;
				CLANG_WARN_RANGE_LOOP_ANALYSIS = YES;
				CLANG_WARN_STRICT_PROTOTYPES = YES;
				CLANG_WARN_SUSPICIOUS_MOVE = YES;
				CLANG_WARN_UNREACHABLE_CODE = YES;
				CLANG_WARN__DUPLICATE_METHOD_MATCH = YES;
				COPY_PHASE_STRIP = YES;
				DEBUG_INFORMATION_FORMAT = "dwarf-with-dsym";
				ENABLE_NS_ASSERTIONS = NO;
				ENABLE_STRICT_OBJC_MSGSEND = YES;
				GCC_C_LANGUAGE_STANDARD = gnu99;
				GCC_ENABLE_OBJC_EXCEPTIONS = YES;
				GCC_NO_COMMON_BLOCKS = YES;
				GCC_PREPROCESSOR_DEFINITIONS = "MUSHROOM=1";
				GCC_WARN_64_TO_32_BIT_CONVERSION = YES;
				GCC_WARN_ABOUT_RETURN_TYPE = YES_ERROR;
				GCC_WARN_UNDECLARED_SELECTOR = YES;
				GCC_WARN_UNINITIALIZED_AUTOS = YES_AGGRESSIVE;
				GCC_WARN_UNUSED_FUNCTION = YES;
				GCC_WARN_UNUSED_VARIABLE = YES;
				MACOSX_DEPLOYMENT_TARGET = 10.9;
				SDKROOT = macosx;
			};
			name = Release;
		};
		5A37A3E81955F32900D187B0 /* Debug */ = {
			isa = XCBuildConfiguration;
			buildSettings = {
				CLANG_ENABLE_MODULES = YES;
				COMBINE_HIDPI_IMAGES = YES;
				GCC_PRECOMPILE_PREFIX_HEADER = YES;
				INFOPLIST_FILE = "Mushroom Boy/Mushroom Boy-Info.plist";
				LD_RUNPATH_SEARCH_PATHS = "$(inherited) @executable_path/../Frameworks";
				MACOSX_DEPLOYMENT_TARGET = 10.15;
				OTHER_CFLAGS = "";
				PRODUCT_BUNDLE_IDENTIFIER = "com.nobleape.${PRODUCT_NAME:rfc1034identifier}";
				PRODUCT_NAME = "$(TARGET_NAME)";
				SWIFT_OBJC_BRIDGING_HEADER = "Mushroom Boy/Mushroom Boy-Bridging-Header.h";
				SWIFT_OPTIMIZATION_LEVEL = "-Onone";
				SWIFT_VERSION = 5.0;
				WRAPPER_EXTENSION = app;
			};
			name = Debug;
		};
		5A37A3E91955F32900D187B0 /* Release */ = {
			isa = XCBuildConfiguration;
			buildSettings = {
				CLANG_ENABLE_MODULES = YES;
				COMBINE_HIDPI_IMAGES = YES;
				GCC_PRECOMPILE_PREFIX_HEADER = YES;
				INFOPLIST_FILE = "Mushroom Boy/Mushroom Boy-Info.plist";
				LD_RUNPATH_SEARCH_PATHS = "$(inherited) @executable_path/../Frameworks";
				MACOSX_DEPLOYMENT_TARGET = 10.15;
				OTHER_CFLAGS = "";
				PRODUCT_BUNDLE_IDENTIFIER = "com.nobleape.${PRODUCT_NAME:rfc1034identifier}";
				PRODUCT_NAME = "$(TARGET_NAME)";
				SWIFT_OBJC_BRIDGING_HEADER = "Mushroom Boy/Mushroom Boy-Bridging-Header.h";
				SWIFT_VERSION = 5.0;
				WRAPPER_EXTENSION = app;
			};
			name = Release;
		};
		5A37A3EB1955F32900D187B0 /* Debug */ = {
			isa = XCBuildConfiguration;
			buildSettings = {
				BUNDLE_LOADER = "$(BUILT_PRODUCTS_DIR)/Mushroom Boy.app/Contents/MacOS/Mushroom Boy";
				COMBINE_HIDPI_IMAGES = YES;
				FRAMEWORK_SEARCH_PATHS = (
					"$(DEVELOPER_FRAMEWORKS_DIR)",
					"$(inherited)",
				);
				GCC_PRECOMPILE_PREFIX_HEADER = YES;
				GCC_PREFIX_HEADER = "Mushroom Boy/Mushroom Boy-Prefix.pch";
				GCC_PREPROCESSOR_DEFINITIONS = (
					"DEBUG=1",
					"$(inherited)",
				);
				INFOPLIST_FILE = "Mushroom BoyTests/Mushroom BoyTests-Info.plist";
				PRODUCT_BUNDLE_IDENTIFIER = "com.nobleape.${PRODUCT_NAME:rfc1034identifier}";
				PRODUCT_NAME = "$(TARGET_NAME)";
				TEST_HOST = "$(BUNDLE_LOADER)";
				WRAPPER_EXTENSION = xctest;
			};
			name = Debug;
		};
		5A37A3EC1955F32900D187B0 /* Release */ = {
			isa = XCBuildConfiguration;
			buildSettings = {
				BUNDLE_LOADER = "$(BUILT_PRODUCTS_DIR)/Mushroom Boy.app/Contents/MacOS/Mushroom Boy";
				COMBINE_HIDPI_IMAGES = YES;
				FRAMEWORK_SEARCH_PATHS = (
					"$(DEVELOPER_FRAMEWORKS_DIR)",
					"$(inherited)",
				);
				GCC_PRECOMPILE_PREFIX_HEADER = YES;
				GCC_PREFIX_HEADER = "Mushroom Boy/Mushroom Boy-Prefix.pch";
				INFOPLIST_FILE = "Mushroom BoyTests/Mushroom BoyTests-Info.plist";
				PRODUCT_BUNDLE_IDENTIFIER = "com.nobleape.${PRODUCT_NAME:rfc1034identifier}";
				PRODUCT_NAME = "$(TARGET_NAME)";
				TEST_HOST = "$(BUNDLE_LOADER)";
				WRAPPER_EXTENSION = xctest;
			};
			name = Release;
		};
/* End XCBuildConfiguration section */

/* Begin XCConfigurationList section */
		5A37A3B11955F32800D187B0 /* Build configuration list for PBXProject "Mushroom Boy" */ = {
			isa = XCConfigurationList;
			buildConfigurations = (
				5A37A3E51955F32900D187B0 /* Debug */,
				5A37A3E61955F32900D187B0 /* Release */,
			);
			defaultConfigurationIsVisible = 0;
			defaultConfigurationName = Release;
		};
		5A37A3E71955F32900D187B0 /* Build configuration list for PBXNativeTarget "Mushroom Boy" */ = {
			isa = XCConfigurationList;
			buildConfigurations = (
				5A37A3E81955F32900D187B0 /* Debug */,
				5A37A3E91955F32900D187B0 /* Release */,
			);
			defaultConfigurationIsVisible = 0;
			defaultConfigurationName = Release;
		};
		5A37A3EA1955F32900D187B0 /* Build configuration list for PBXNativeTarget "Mushroom BoyTests" */ = {
			isa = XCConfigurationList;
			buildConfigurations = (
				5A37A3EB1955F32900D187B0 /* Debug */,
				5A37A3EC1955F32900D187B0 /* Release */,
			);
			defaultConfigurationIsVisible = 0;
			defaultConfigurationName = Release;
		};
/* End XCConfigurationList section */
	};
	rootObject = 5A37A3AE1955F32800D187B0 /* Project object */;
}
